
Microsoft Visual Studio Solution File, Format Version 11.00
# Visual Studio 2010
Project("{FAE04EC0-301F-11D3-BF4B-00C04F79EFBC}") = "Win32MultiMonitorDemo", "Win32MultiMonitorDemo.csproj", "{4149BC3B-7221-4EE7-94D2-B1577449C4D1}"
EndProject
Project("{FAE04EC0-301F-11D3-BF4B-00C04F79EFBC}") = "Test", "Test\Test.csproj", "{4A2B08C8-0DF7-48BE-9CDF-DE8F70A64BEA}"
EndProject
Project("{2150E333-8FDC-42A3-9474-1A3956D46DE8}") = "Solution Items", "Solution Items", "{114B6D1C-CDB2-4F01-ADD4-E2604856673A}"
	ProjectSection(SolutionItems) = preProject
		Local.testsettings = Local.testsettings
		TraceAndTestImpact.testsettings = TraceAndTestImpact.testsettings
		Win32MultiMonitorDemo.vsmdi = Win32MultiMonitorDemo.vsmdi
	EndProjectSection
EndProject
Global
	GlobalSection(TestCaseManagementSettings) = postSolution
		CategoryFile = Win32MultiMonitorDemo.vsmdi
	EndGlobalSection
	GlobalSection(SolutionConfigurationPlatforms) = preSolution
		Debug|Any CPU = Debug|Any CPU
		Debug|Mixed Platforms = Debug|Mixed Platforms
		Debug|x86 = Debug|x86
		Release|Any CPU = Release|Any CPU
		Release|Mixed Platforms = Release|Mixed Platforms
		Release|x86 = Release|x86
	EndGlobalSection
	GlobalSection(ProjectConfigurationPlatforms) = postSolution
		{4149BC3B-7221-4EE7-94D2-B1577449C4D1}.Debug|Any CPU.ActiveCfg = Debug|x86
		{4149BC3B-7221-4EE7-94D2-B1577449C4D1}.Debug|Mixed Platforms.ActiveCfg = Debug|x86
		{4149BC3B-7221-4EE7-94D2-B1577449C4D1}.Debug|Mixed Platforms.Build.0 = Debug|x86
		{4149BC3B-7221-4EE7-94D2-B1577449C4D1}.Debug|x86.ActiveCfg = Debug|x86
		{4149BC3B-7221-4EE7-94D2-B1577449C4D1}.Debug|x86.Build.0 = Debug|x86
		{4149BC3B-7221-4EE7-94D2-B1577449C4D1}.Release|Any CPU.ActiveCfg = Release|x86
		{4149BC3B-7221-4EE7-94D2-B1577449C4D1}.Release|Mixed Platforms.ActiveCfg = Release|x86
		{4149BC3B-7221-4EE7-94D2-B1577449C4D1}.Release|Mixed Platforms.Build.0 = Release|x86
		{4149BC3B-7221-4EE7-94D2-B1577449C4D1}.Release|x86.ActiveCfg = Release|x86
		{4149BC3B-7221-4EE7-94D2-B1577449C4D1}.Release|x86.Build.0 = Release|x86
		{4A2B08C8-0DF7-48BE-9CDF-DE8F70A64BEA}.Debug|Any CPU.ActiveCfg = Debug|Any CPU
		{4A2B08C8-0DF7-48BE-9CDF-DE8F70A64BEA}.Debug|Any CPU.Build.0 = Debug|Any CPU
		{4A2B08C8-0DF7-48BE-9CDF-DE8F70A64BEA}.Debug|Mixed Platforms.ActiveCfg = Debug|Any CPU
		{4A2B08C8-0DF7-48BE-9CDF-DE8F70A64BEA}.Debug|Mixed Platforms.Build.0 = Debug|Any CPU
		{4A2B08C8-0DF7-48BE-9CDF-DE8F70A64BEA}.Debug|x86.ActiveCfg = Debug|Any CPU
		{4A2B08C8-0DF7-48BE-9CDF-DE8F70A64BEA}.Release|Any CPU.ActiveCfg = Release|Any CPU
		{4A2B08C8-0DF7-48BE-9CDF-DE8F70A64BEA}.Release|Any CPU.Build.0 = Release|Any CPU
		{4A2B08C8-0DF7-48BE-9CDF-DE8F70A64BEA}.Release|Mixed Platforms.ActiveCfg = Release|Any CPU
		{4A2B08C8-0DF7-48BE-9CDF-DE8F70A64BEA}.Release|Mixed Platforms.Build.0 = Release|Any CPU
		{4A2B08C8-0DF7-48BE-9CDF-DE8F70A64BEA}.Release|x86.ActiveCfg = Release|Any CPU
	EndGlobalSection
	GlobalSection(SolutionProperties) = preSolution
		HideSolutionNode = FALSE
	EndGlobalSection
EndGlobal
